
Microsoft Visual Studio Solution File, Format Version 12.00
# Visual Studio Version 16
VisualStudioVersion = 25.0.1706.7
MinimumVisualStudioVersion = 10.0.40219.1
Project("{FAE04EC0-301F-11D3-BF4B-00C04F79EFBC}") = "Tarea-3", "Tarea-3\Tarea-3.csproj", "{BBB50AC6-9527-4C30-8F30-5072048880D1}"
EndProject
Global
	GlobalSection(SolutionConfigurationPlatforms) = preSolution
		Debug|Any CPU = Debug|Any CPU
		Release|Any CPU = Release|Any CPU
	EndGlobalSection
	GlobalSection(ProjectConfigurationPlatforms) = postSolution
		{BBB50AC6-9527-4C30-8F30-5072048880D1}.Debug|Any CPU.ActiveCfg = Debug|Any CPU
		{BBB50AC6-9527-4C30-8F30-5072048880D1}.Debug|Any CPU.Build.0 = Debug|Any CPU
		{BBB50AC6-9527-4C30-8F30-5072048880D1}.Release|Any CPU.ActiveCfg = Release|Any CPU
		{BBB50AC6-9527-4C30-8F30-5072048880D1}.Release|Any CPU.Build.0 = Release|Any CPU
	EndGlobalSection
	GlobalSection(SolutionProperties) = preSolution
		HideSolutionNode = FALSE
	EndGlobalSection
	GlobalSection(ExtensibilityGlobals) = postSolution
		SolutionGuid = {2573638A-61CD-4EDE-B340-BA48392A5EE2}
	EndGlobalSection
EndGlobal
